{"1.1.0",
[{<<"amqp_client">>,{pkg,<<"amqp_client">>,<<"3.7.5-rc.1">>},1},
 {<<"amqp_director">>,{pkg,<<"amqp_director">>,<<"1.0.0">>},0},
 {<<"bear">>,{pkg,<<"bear">>,<<"0.8.5">>},1},
 {<<"folsom">>,{pkg,<<"folsom">>,<<"0.8.5">>},0},
 {<<"goldrush">>,{pkg,<<"goldrush">>,<<"0.1.9">>},1},
 {<<"gproc">>,{pkg,<<"gproc">>,<<"0.6.1">>},1},
 {<<"iso8601">>,{pkg,<<"iso8601">>,<<"1.2.3">>},0},
 {<<"jsx">>,{pkg,<<"jsx">>,<<"2.9.0">>},0},
 {<<"lager">>,{pkg,<<"lager">>,<<"3.5.2">>},0},
 {<<"rabbit_common">>,{pkg,<<"rabbit_common">>,<<"3.7.5-rc.1">>},2},
 {<<"ranch">>,{pkg,<<"ranch">>,<<"1.5.0">>},3},
 {<<"ranch_proxy_protocol">>,{pkg,<<"ranch_proxy_protocol">>,<<"1.5.0">>},3},
 {<<"recon">>,{pkg,<<"recon">>,<<"2.3.4">>},0},
 {<<"yaws">>,
  {git,"git://github.com/klacke/yaws.git",
       {ref,"d00ab30964a3ceb17d3e64950236c97e3d8ce0b3"}},
  0}]}.
[
{pkg_hash,[
 {<<"amqp_client">>, <<"82A0DAFFDCA1F8B479C16BA4A393A23ACB3F5267918E328FE2C049FE450866E6">>},
 {<<"amqp_director">>, <<"9EEF79605917A3D7AD7D59F49514F30E3B9662B7D57F634DE62EB5F58C61FC01">>},
 {<<"bear">>, <<"E95FCA1627CD9E15BAF93CE0A52AFF16917BAF325F0EE65B88CD715376CD2344">>},
 {<<"folsom">>, <<"94A027B56FE84FEED264F9B33CB4C6AC9A801FAD84B87DBDA0836CE83C3B8D69">>},
 {<<"goldrush">>, <<"F06E5D5F1277DA5C413E84D5A2924174182FB108DABB39D5EC548B27424CD106">>},
 {<<"gproc">>, <<"4579663E5677970758A05D8F65D13C3E9814EC707AD51D8DCEF7294EDA1A730C">>},
 {<<"iso8601">>, <<"56D173EC568D42E95908797A9B7D27BCF0B377443277416733EB1A544A4A47C2">>},
 {<<"jsx">>, <<"D2F6E5F069C00266CAD52FB15D87C428579EA4D7D73A33669E12679E203329DD">>},
 {<<"lager">>, <<"614A8C8F67BF99B69EB264EA22121AD25511C055AAEC09B086773D5108C6767F">>},
 {<<"rabbit_common">>, <<"6D5FB35C666ECC98E90E42E1F8FB01FDBB97E896922C3E52ED6EEF630BB771F4">>},
 {<<"ranch">>, <<"F04166F456790FEE2AC1AA05A02745CC75783C2BFB26D39FAF6AEFC9A3D3A58A">>},
 {<<"ranch_proxy_protocol">>, <<"E698AAEB590AD504B649DC0D3055ABEE6CAF0B49D3CAEE1A080AE83B5B499F30">>},
 {<<"recon">>, <<"B406C2FCCDEAA0D94E23B5E30AE3D635A2D461E363A5C9C6316897037CF050D2">>}]}
].
